Microsoft Visual Studio Solution File, Format Version 12.00
# Visual Studio Version 17
VisualStudioVersion = 17.5.2.0
MinimumVisualStudioVersion = 10.0.40219.1
Project("{FAE04EC0-301F-11D3-BF4B-00C04F79EFBC}") = "TuskAndTether", "TuskAndTether.csproj", "{EFFEE1C6-2264-C4C8-AB50-634A2AE7919C}"
EndProject
Global
	GlobalSection(SolutionConfigurationPlatforms) = preSolution
		Debug|Any CPU = Debug|Any CPU
		Release|Any CPU = Release|Any CPU
	EndGlobalSection
	GlobalSection(ProjectConfigurationPlatforms) = postSolution
		{EFFEE1C6-2264-C4C8-AB50-634A2AE7919C}.Debug|Any CPU.ActiveCfg = Debug|Any CPU
		{EFFEE1C6-2264-C4C8-AB50-634A2AE7919C}.Debug|Any CPU.Build.0 = Debug|Any CPU
		{EFFEE1C6-2264-C4C8-AB50-634A2AE7919C}.Release|Any CPU.ActiveCfg = Release|Any CPU
		{EFFEE1C6-2264-C4C8-AB50-634A2AE7919C}.Release|Any CPU.Build.0 = Release|Any CPU
	EndGlobalSection
	GlobalSection(SolutionProperties) = preSolution
		HideSolutionNode = FALSE
	EndGlobalSection
	GlobalSection(ExtensibilityGlobals) = postSolution
		SolutionGuid = {8AEAC130-92CC-4916-B243-1F100FFD21C7}
	EndGlobalSection
EndGlobal
